
Microsoft Visual Studio Solution File, Format Version 12.00
# Visual Studio Version 17
VisualStudioVersion = 17.1.32210.238
MinimumVisualStudioVersion = 10.0.40219.1
Project("{FAE04EC0-301F-11D3-BF4B-00C04F79EFBC}") = "Concert", "Concert\Concert.csproj", "{3BE0B288-C729-488F-9DE9-9E5A91985D44}"
EndProject
Global
	GlobalSection(SolutionConfigurationPlatforms) = preSolution
		Debug|Any CPU = Debug|Any CPU
		Release|Any CPU = Release|Any CPU
	EndGlobalSection
	GlobalSection(ProjectConfigurationPlatforms) = postSolution
		{3BE0B288-C729-488F-9DE9-9E5A91985D44}.Debug|Any CPU.ActiveCfg = Debug|Any CPU
		{3BE0B288-C729-488F-9DE9-9E5A91985D44}.Debug|Any CPU.Build.0 = Debug|Any CPU
		{3BE0B288-C729-488F-9DE9-9E5A91985D44}.Release|Any CPU.ActiveCfg = Release|Any CPU
		{3BE0B288-C729-488F-9DE9-9E5A91985D44}.Release|Any CPU.Build.0 = Release|Any CPU
	EndGlobalSection
	GlobalSection(SolutionProperties) = preSolution
		HideSolutionNode = FALSE
	EndGlobalSection
	GlobalSection(ExtensibilityGlobals) = postSolution
		SolutionGuid = {4C0D1AE5-DD04-4DEF-91BA-71C0ACDDDA5F}
	EndGlobalSection
EndGlobal
